
Microsoft Visual Studio Solution File, Format Version 12.00
# Visual Studio 2013
VisualStudioVersion = 12.0.31101.0
MinimumVisualStudioVersion = 10.0.40219.1
Project("{FAE04EC0-301F-11D3-BF4B-00C04F79EFBC}") = "DiplomaProject", "DiplomaProject\DiplomaProject.csproj", "{A66CAFA3-BC91-4C9E-BDCF-57437928D196}"
EndProject
Project("{FAE04EC0-301F-11D3-BF4B-00C04F79EFBC}") = "Test", "Test\Test.csproj", "{61C004CD-5B0B-44CB-9784-A36704CC377B}"
EndProject
Global
	GlobalSection(SolutionConfigurationPlatforms) = preSolution
		Debug|Any CPU = Debug|Any CPU
		Release|Any CPU = Release|Any CPU
	EndGlobalSection
	GlobalSection(ProjectConfigurationPlatforms) = postSolution
		{A66CAFA3-BC91-4C9E-BDCF-57437928D196}.Debug|Any CPU.ActiveCfg = Debug|Any CPU
		{A66CAFA3-BC91-4C9E-BDCF-57437928D196}.Debug|Any CPU.Build.0 = Debug|Any CPU
		{A66CAFA3-BC91-4C9E-BDCF-57437928D196}.Release|Any CPU.ActiveCfg = Release|Any CPU
		{A66CAFA3-BC91-4C9E-BDCF-57437928D196}.Release|Any CPU.Build.0 = Release|Any CPU
		{61C004CD-5B0B-44CB-9784-A36704CC377B}.Debug|Any CPU.ActiveCfg = Debug|Any CPU
		{61C004CD-5B0B-44CB-9784-A36704CC377B}.Debug|Any CPU.Build.0 = Debug|Any CPU
		{61C004CD-5B0B-44CB-9784-A36704CC377B}.Release|Any CPU.ActiveCfg = Release|Any CPU
		{61C004CD-5B0B-44CB-9784-A36704CC377B}.Release|Any CPU.Build.0 = Release|Any CPU
	EndGlobalSection
	GlobalSection(SolutionProperties) = preSolution
		HideSolutionNode = FALSE
	EndGlobalSection
EndGlobal
